
Microsoft Visual Studio Solution File, Format Version 12.00
# Visual Studio 15
Project("{FAE04EC0-301F-11D3-BF4B-00C04F79EFBC}") = "Assembly-CSharp", "Assembly-CSharp.csproj", "{EA72AE1C-CE0B-8175-7CD6-7412127B62CF}"
EndProject
Global
	GlobalSection(SolutionConfigurationPlatforms) = preSolution
		Debug|Any CPU = Debug|Any CPU
		Release|Any CPU = Release|Any CPU
	EndGlobalSection
	GlobalSection(ProjectConfigurationPlatforms) = postSolution
		{EA72AE1C-CE0B-8175-7CD6-7412127B62CF}.Debug|Any CPU.ActiveCfg = Debug|Any CPU
		{EA72AE1C-CE0B-8175-7CD6-7412127B62CF}.Debug|Any CPU.Build.0 = Debug|Any CPU
		{EA72AE1C-CE0B-8175-7CD6-7412127B62CF}.Release|Any CPU.ActiveCfg = Release|Any CPU
		{EA72AE1C-CE0B-8175-7CD6-7412127B62CF}.Release|Any CPU.Build.0 = Release|Any CPU
	EndGlobalSection
	GlobalSection(SolutionProperties) = preSolution
		HideSolutionNode = FALSE
	EndGlobalSection
EndGlobal
